
Microsoft Visual Studio Solution File, Format Version 12.00
# Visual Studio Version 17
VisualStudioVersion = 17.0.31903.59
MinimumVisualStudioVersion = 10.0.40219.1
Project("{2150E333-8FDC-42A3-9474-1A3956D46DE8}") = "Modules", "Modules", "{CA253913-39DE-BFD0-C9A3-4B7EC6FBDF17}"
EndProject
Project("{2150E333-8FDC-42A3-9474-1A3956D46DE8}") = "Inventory", "Inventory", "{A68BCFB6-B88D-4352-653D-5429B95F8475}"
EndProject
Project("{FAE04EC0-301F-11D3-BF4B-00C04F79EFBC}") = "Inventory.Application", "Modules\Inventory\Inventory.Application\Inventory.Application.csproj", "{9DB96D0C-B2E1-4170-9B28-0D95C590BE78}"
EndProject
Project("{FAE04EC0-301F-11D3-BF4B-00C04F79EFBC}") = "Inventory.Domain", "Modules\Inventory\Inventory.Domain\Inventory.Domain.csproj", "{3F9251EE-917E-49B9-91D7-AF46671C9C81}"
EndProject
Project("{FAE04EC0-301F-11D3-BF4B-00C04F79EFBC}") = "Inventory.Infrastructure", "Modules\Inventory\Inventory.Infrastructure\Inventory.Infrastructure.csproj", "{F0EBC389-B0F5-41C7-BEA3-DFE5D375C375}"
EndProject
Project("{2150E333-8FDC-42A3-9474-1A3956D46DE8}") = "Sales", "Sales", "{A9997C78-0C31-9C1F-7E81-ED673DE04F19}"
EndProject
Project("{FAE04EC0-301F-11D3-BF4B-00C04F79EFBC}") = "Sales.Application", "Modules\Sales\Sales.Application\Sales.Application.csproj", "{7D745B31-7A5B-43FA-AE02-866795B54926}"
EndProject
Project("{FAE04EC0-301F-11D3-BF4B-00C04F79EFBC}") = "Sales.Domain", "Modules\Sales\Sales.Domain\Sales.Domain.csproj", "{4DF53E3C-BD4A-F402-45DF-4934798892F1}"
EndProject
Project("{FAE04EC0-301F-11D3-BF4B-00C04F79EFBC}") = "Sales.Infrastructure", "Modules\Sales\Sales.Infrastructure\Sales.Infrastructure.csproj", "{E647771D-F51A-8065-6C3B-CE73F444B62E}"
EndProject
Project("{FAE04EC0-301F-11D3-BF4B-00C04F79EFBC}") = "ModularMonolith.API", "ModularMonolith.API\ModularMonolith.API.csproj", "{DC349A2C-09B2-295A-F748-F37BDADF1565}"
EndProject
Project("{2150E333-8FDC-42A3-9474-1A3956D46DE8}") = "Identity", "Identity", "{02EA681E-C7D8-13C7-8484-4AC65E1B71E8}"
EndProject
Project("{FAE04EC0-301F-11D3-BF4B-00C04F79EFBC}") = "Identity.Application", "Modules\Identity\Identity.Application\Identity.Application.csproj", "{1B2AE279-A9B4-4DC8-80EB-A28070AE2429}"
EndProject
Project("{FAE04EC0-301F-11D3-BF4B-00C04F79EFBC}") = "Identity.Application.Contracts", "Modules\Identity\Identity.Application.Contract\Identity.Application.Contracts.csproj", "{B6902305-EF63-4ECE-874F-E081FB02F6D2}"
EndProject
Project("{FAE04EC0-301F-11D3-BF4B-00C04F79EFBC}") = "Identity.Domain", "Modules\Identity\Identity.Domain\Identity.Domain.csproj", "{B69C036E-E1A2-3F7D-F5C4-86AD8B7BFF87}"
EndProject
Project("{FAE04EC0-301F-11D3-BF4B-00C04F79EFBC}") = "Identity.Infrastructure", "Modules\Identity\Identity.Infrastructure\Identity.Infrastructure.csproj", "{F63294B4-6368-42EF-8EED-F7FA9675AB68}"
EndProject
Project("{FAE04EC0-301F-11D3-BF4B-00C04F79EFBC}") = "ModularMonolith.Infrastructure", "ModularMonolith.Infrastructure\ModularMonolith.Infrastructure.csproj", "{75989CBD-7C42-468A-BC60-CABB9F3F953C}"
EndProject
Project("{2150E333-8FDC-42A3-9474-1A3956D46DE8}") = "Common", "Common", "{90C0C292-E6D2-4941-A93C-64DFE6B40779}"
EndProject
Project("{FAE04EC0-301F-11D3-BF4B-00C04F79EFBC}") = "Framework", "Common\Framework\Framework.csproj", "{0BE5E84A-51B3-451D-A5D5-CAFACA6EA6B1}"
EndProject
Project("{2150E333-8FDC-42A3-9474-1A3956D46DE8}") = "Common", "Common", "{D7FE4013-291F-46B6-8820-123FB5EFB6FF}"
EndProject
Project("{FAE04EC0-301F-11D3-BF4B-00C04F79EFBC}") = "ModularMonolith.Contract", "Modules\Common\ModularMonolith.Contract\ModularMonolith.Contract.csproj", "{E13061EF-253A-4FC0-BD28-63953364002D}"
EndProject
Global
	GlobalSection(SolutionConfigurationPlatforms) = preSolution
		Debug|Any CPU = Debug|Any CPU
		Debug|x64 = Debug|x64
		Debug|x86 = Debug|x86
		Release|Any CPU = Release|Any CPU
		Release|x64 = Release|x64
		Release|x86 = Release|x86
	EndGlobalSection
	GlobalSection(ProjectConfigurationPlatforms) = postSolution
		{9DB96D0C-B2E1-4170-9B28-0D95C590BE78}.Debug|Any CPU.ActiveCfg = Debug|Any CPU
		{9DB96D0C-B2E1-4170-9B28-0D95C590BE78}.Debug|Any CPU.Build.0 = Debug|Any CPU
		{9DB96D0C-B2E1-4170-9B28-0D95C590BE78}.Debug|x64.ActiveCfg = Debug|Any CPU
		{9DB96D0C-B2E1-4170-9B28-0D95C590BE78}.Debug|x64.Build.0 = Debug|Any CPU
		{9DB96D0C-B2E1-4170-9B28-0D95C590BE78}.Debug|x86.ActiveCfg = Debug|Any CPU
		{9DB96D0C-B2E1-4170-9B28-0D95C590BE78}.Debug|x86.Build.0 = Debug|Any CPU
		{9DB96D0C-B2E1-4170-9B28-0D95C590BE78}.Release|Any CPU.ActiveCfg = Release|Any CPU
		{9DB96D0C-B2E1-4170-9B28-0D95C590BE78}.Release|Any CPU.Build.0 = Release|Any CPU
		{9DB96D0C-B2E1-4170-9B28-0D95C590BE78}.Release|x64.ActiveCfg = Release|Any CPU
		{9DB96D0C-B2E1-4170-9B28-0D95C590BE78}.Release|x64.Build.0 = Release|Any CPU
		{9DB96D0C-B2E1-4170-9B28-0D95C590BE78}.Release|x86.ActiveCfg = Release|Any CPU
		{9DB96D0C-B2E1-4170-9B28-0D95C590BE78}.Release|x86.Build.0 = Release|Any CPU
		{3F9251EE-917E-49B9-91D7-AF46671C9C81}.Debug|Any CPU.ActiveCfg = Debug|Any CPU
		{3F9251EE-917E-49B9-91D7-AF46671C9C81}.Debug|Any CPU.Build.0 = Debug|Any CPU
		{3F9251EE-917E-49B9-91D7-AF46671C9C81}.Debug|x64.ActiveCfg = Debug|Any CPU
		{3F9251EE-917E-49B9-91D7-AF46671C9C81}.Debug|x64.Build.0 = Debug|Any CPU
		{3F9251EE-917E-49B9-91D7-AF46671C9C81}.Debug|x86.ActiveCfg = Debug|Any CPU
		{3F9251EE-917E-49B9-91D7-AF46671C9C81}.Debug|x86.Build.0 = Debug|Any CPU
		{3F9251EE-917E-49B9-91D7-AF46671C9C81}.Release|Any CPU.ActiveCfg = Release|Any CPU
		{3F9251EE-917E-49B9-91D7-AF46671C9C81}.Release|Any CPU.Build.0 = Release|Any CPU
		{3F9251EE-917E-49B9-91D7-AF46671C9C81}.Release|x64.ActiveCfg = Release|Any CPU
		{3F9251EE-917E-49B9-91D7-AF46671C9C81}.Release|x64.Build.0 = Release|Any CPU
		{3F9251EE-917E-49B9-91D7-AF46671C9C81}.Release|x86.ActiveCfg = Release|Any CPU
		{3F9251EE-917E-49B9-91D7-AF46671C9C81}.Release|x86.Build.0 = Release|Any CPU
		{F0EBC389-B0F5-41C7-BEA3-DFE5D375C375}.Debug|Any CPU.ActiveCfg = Debug|Any CPU
		{F0EBC389-B0F5-41C7-BEA3-DFE5D375C375}.Debug|Any CPU.Build.0 = Debug|Any CPU
		{F0EBC389-B0F5-41C7-BEA3-DFE5D375C375}.Debug|x64.ActiveCfg = Debug|Any CPU
		{F0EBC389-B0F5-41C7-BEA3-DFE5D375C375}.Debug|x64.Build.0 = Debug|Any CPU
		{F0EBC389-B0F5-41C7-BEA3-DFE5D375C375}.Debug|x86.ActiveCfg = Debug|Any CPU
		{F0EBC389-B0F5-41C7-BEA3-DFE5D375C375}.Debug|x86.Build.0 = Debug|Any CPU
		{F0EBC389-B0F5-41C7-BEA3-DFE5D375C375}.Release|Any CPU.ActiveCfg = Release|Any CPU
		{F0EBC389-B0F5-41C7-BEA3-DFE5D375C375}.Release|Any CPU.Build.0 = Release|Any CPU
		{F0EBC389-B0F5-41C7-BEA3-DFE5D375C375}.Release|x64.ActiveCfg = Release|Any CPU
		{F0EBC389-B0F5-41C7-BEA3-DFE5D375C375}.Release|x64.Build.0 = Release|Any CPU
		{F0EBC389-B0F5-41C7-BEA3-DFE5D375C375}.Release|x86.ActiveCfg = Release|Any CPU
		{F0EBC389-B0F5-41C7-BEA3-DFE5D375C375}.Release|x86.Build.0 = Release|Any CPU
		{7D745B31-7A5B-43FA-AE02-866795B54926}.Debug|Any CPU.ActiveCfg = Debug|Any CPU
		{7D745B31-7A5B-43FA-AE02-866795B54926}.Debug|Any CPU.Build.0 = Debug|Any CPU
		{7D745B31-7A5B-43FA-AE02-866795B54926}.Debug|x64.ActiveCfg = Debug|Any CPU
		{7D745B31-7A5B-43FA-AE02-866795B54926}.Debug|x64.Build.0 = Debug|Any CPU
		{7D745B31-7A5B-43FA-AE02-866795B54926}.Debug|x86.ActiveCfg = Debug|Any CPU
		{7D745B31-7A5B-43FA-AE02-866795B54926}.Debug|x86.Build.0 = Debug|Any CPU
		{7D745B31-7A5B-43FA-AE02-866795B54926}.Release|Any CPU.ActiveCfg = Release|Any CPU
		{7D745B31-7A5B-43FA-AE02-866795B54926}.Release|Any CPU.Build.0 = Release|Any CPU
		{7D745B31-7A5B-43FA-AE02-866795B54926}.Release|x64.ActiveCfg = Release|Any CPU
		{7D745B31-7A5B-43FA-AE02-866795B54926}.Release|x64.Build.0 = Release|Any CPU
		{7D745B31-7A5B-43FA-AE02-866795B54926}.Release|x86.ActiveCfg = Release|Any CPU
		{7D745B31-7A5B-43FA-AE02-866795B54926}.Release|x86.Build.0 = Release|Any CPU
		{4DF53E3C-BD4A-F402-45DF-4934798892F1}.Debug|Any CPU.ActiveCfg = Debug|Any CPU
		{4DF53E3C-BD4A-F402-45DF-4934798892F1}.Debug|Any CPU.Build.0 = Debug|Any CPU
		{4DF53E3C-BD4A-F402-45DF-4934798892F1}.Debug|x64.ActiveCfg = Debug|Any CPU
		{4DF53E3C-BD4A-F402-45DF-4934798892F1}.Debug|x64.Build.0 = Debug|Any CPU
		{4DF53E3C-BD4A-F402-45DF-4934798892F1}.Debug|x86.ActiveCfg = Debug|Any CPU
		{4DF53E3C-BD4A-F402-45DF-4934798892F1}.Debug|x86.Build.0 = Debug|Any CPU
		{4DF53E3C-BD4A-F402-45DF-4934798892F1}.Release|Any CPU.ActiveCfg = Release|Any CPU
		{4DF53E3C-BD4A-F402-45DF-4934798892F1}.Release|Any CPU.Build.0 = Release|Any CPU
		{4DF53E3C-BD4A-F402-45DF-4934798892F1}.Release|x64.ActiveCfg = Release|Any CPU
		{4DF53E3C-BD4A-F402-45DF-4934798892F1}.Release|x64.Build.0 = Release|Any CPU
		{4DF53E3C-BD4A-F402-45DF-4934798892F1}.Release|x86.ActiveCfg = Release|Any CPU
		{4DF53E3C-BD4A-F402-45DF-4934798892F1}.Release|x86.Build.0 = Release|Any CPU
		{E647771D-F51A-8065-6C3B-CE73F444B62E}.Debug|Any CPU.ActiveCfg = Debug|Any CPU
		{E647771D-F51A-8065-6C3B-CE73F444B62E}.Debug|Any CPU.Build.0 = Debug|Any CPU
		{E647771D-F51A-8065-6C3B-CE73F444B62E}.Debug|x64.ActiveCfg = Debug|Any CPU
		{E647771D-F51A-8065-6C3B-CE73F444B62E}.Debug|x64.Build.0 = Debug|Any CPU
		{E647771D-F51A-8065-6C3B-CE73F444B62E}.Debug|x86.ActiveCfg = Debug|Any CPU
		{E647771D-F51A-8065-6C3B-CE73F444B62E}.Debug|x86.Build.0 = Debug|Any CPU
		{E647771D-F51A-8065-6C3B-CE73F444B62E}.Release|Any CPU.ActiveCfg = Release|Any CPU
		{E647771D-F51A-8065-6C3B-CE73F444B62E}.Release|Any CPU.Build.0 = Release|Any CPU
		{E647771D-F51A-8065-6C3B-CE73F444B62E}.Release|x64.ActiveCfg = Release|Any CPU
		{E647771D-F51A-8065-6C3B-CE73F444B62E}.Release|x64.Build.0 = Release|Any CPU
		{E647771D-F51A-8065-6C3B-CE73F444B62E}.Release|x86.ActiveCfg = Release|Any CPU
		{E647771D-F51A-8065-6C3B-CE73F444B62E}.Release|x86.Build.0 = Release|Any CPU
		{DC349A2C-09B2-295A-F748-F37BDADF1565}.Debug|Any CPU.ActiveCfg = Debug|Any CPU
		{DC349A2C-09B2-295A-F748-F37BDADF1565}.Debug|Any CPU.Build.0 = Debug|Any CPU
		{DC349A2C-09B2-295A-F748-F37BDADF1565}.Debug|x64.ActiveCfg = Debug|Any CPU
		{DC349A2C-09B2-295A-F748-F37BDADF1565}.Debug|x64.Build.0 = Debug|Any CPU
		{DC349A2C-09B2-295A-F748-F37BDADF1565}.Debug|x86.ActiveCfg = Debug|Any CPU
		{DC349A2C-09B2-295A-F748-F37BDADF1565}.Debug|x86.Build.0 = Debug|Any CPU
		{DC349A2C-09B2-295A-F748-F37BDADF1565}.Release|Any CPU.ActiveCfg = Release|Any CPU
		{DC349A2C-09B2-295A-F748-F37BDADF1565}.Release|Any CPU.Build.0 = Release|Any CPU
		{DC349A2C-09B2-295A-F748-F37BDADF1565}.Release|x64.ActiveCfg = Release|Any CPU
		{DC349A2C-09B2-295A-F748-F37BDADF1565}.Release|x64.Build.0 = Release|Any CPU
		{DC349A2C-09B2-295A-F748-F37BDADF1565}.Release|x86.ActiveCfg = Release|Any CPU
		{DC349A2C-09B2-295A-F748-F37BDADF1565}.Release|x86.Build.0 = Release|Any CPU
		{1B2AE279-A9B4-4DC8-80EB-A28070AE2429}.Debug|Any CPU.ActiveCfg = Debug|Any CPU
		{1B2AE279-A9B4-4DC8-80EB-A28070AE2429}.Debug|Any CPU.Build.0 = Debug|Any CPU
		{1B2AE279-A9B4-4DC8-80EB-A28070AE2429}.Debug|x64.ActiveCfg = Debug|Any CPU
		{1B2AE279-A9B4-4DC8-80EB-A28070AE2429}.Debug|x64.Build.0 = Debug|Any CPU
		{1B2AE279-A9B4-4DC8-80EB-A28070AE2429}.Debug|x86.ActiveCfg = Debug|Any CPU
		{1B2AE279-A9B4-4DC8-80EB-A28070AE2429}.Debug|x86.Build.0 = Debug|Any CPU
		{1B2AE279-A9B4-4DC8-80EB-A28070AE2429}.Release|Any CPU.ActiveCfg = Release|Any CPU
		{1B2AE279-A9B4-4DC8-80EB-A28070AE2429}.Release|Any CPU.Build.0 = Release|Any CPU
		{1B2AE279-A9B4-4DC8-80EB-A28070AE2429}.Release|x64.ActiveCfg = Release|Any CPU
		{1B2AE279-A9B4-4DC8-80EB-A28070AE2429}.Release|x64.Build.0 = Release|Any CPU
		{1B2AE279-A9B4-4DC8-80EB-A28070AE2429}.Release|x86.ActiveCfg = Release|Any CPU
		{1B2AE279-A9B4-4DC8-80EB-A28070AE2429}.Release|x86.Build.0 = Release|Any CPU
		{B6902305-EF63-4ECE-874F-E081FB02F6D2}.Debug|Any CPU.ActiveCfg = Debug|Any CPU
		{B6902305-EF63-4ECE-874F-E081FB02F6D2}.Debug|Any CPU.Build.0 = Debug|Any CPU
		{B6902305-EF63-4ECE-874F-E081FB02F6D2}.Debug|x64.ActiveCfg = Debug|Any CPU
		{B6902305-EF63-4ECE-874F-E081FB02F6D2}.Debug|x64.Build.0 = Debug|Any CPU
		{B6902305-EF63-4ECE-874F-E081FB02F6D2}.Debug|x86.ActiveCfg = Debug|Any CPU
		{B6902305-EF63-4ECE-874F-E081FB02F6D2}.Debug|x86.Build.0 = Debug|Any CPU
		{B6902305-EF63-4ECE-874F-E081FB02F6D2}.Release|Any CPU.ActiveCfg = Release|Any CPU
		{B6902305-EF63-4ECE-874F-E081FB02F6D2}.Release|Any CPU.Build.0 = Release|Any CPU
		{B6902305-EF63-4ECE-874F-E081FB02F6D2}.Release|x64.ActiveCfg = Release|Any CPU
		{B6902305-EF63-4ECE-874F-E081FB02F6D2}.Release|x64.Build.0 = Release|Any CPU
		{B6902305-EF63-4ECE-874F-E081FB02F6D2}.Release|x86.ActiveCfg = Release|Any CPU
		{B6902305-EF63-4ECE-874F-E081FB02F6D2}.Release|x86.Build.0 = Release|Any CPU
		{B69C036E-E1A2-3F7D-F5C4-86AD8B7BFF87}.Debug|Any CPU.ActiveCfg = Debug|Any CPU
		{B69C036E-E1A2-3F7D-F5C4-86AD8B7BFF87}.Debug|Any CPU.Build.0 = Debug|Any CPU
		{B69C036E-E1A2-3F7D-F5C4-86AD8B7BFF87}.Debug|x64.ActiveCfg = Debug|Any CPU
		{B69C036E-E1A2-3F7D-F5C4-86AD8B7BFF87}.Debug|x64.Build.0 = Debug|Any CPU
		{B69C036E-E1A2-3F7D-F5C4-86AD8B7BFF87}.Debug|x86.ActiveCfg = Debug|Any CPU
		{B69C036E-E1A2-3F7D-F5C4-86AD8B7BFF87}.Debug|x86.Build.0 = Debug|Any CPU
		{B69C036E-E1A2-3F7D-F5C4-86AD8B7BFF87}.Release|Any CPU.ActiveCfg = Release|Any CPU
		{B69C036E-E1A2-3F7D-F5C4-86AD8B7BFF87}.Release|Any CPU.Build.0 = Release|Any CPU
		{B69C036E-E1A2-3F7D-F5C4-86AD8B7BFF87}.Release|x64.ActiveCfg = Release|Any CPU
		{B69C036E-E1A2-3F7D-F5C4-86AD8B7BFF87}.Release|x64.Build.0 = Release|Any CPU
		{B69C036E-E1A2-3F7D-F5C4-86AD8B7BFF87}.Release|x86.ActiveCfg = Release|Any CPU
		{B69C036E-E1A2-3F7D-F5C4-86AD8B7BFF87}.Release|x86.Build.0 = Release|Any CPU
		{F63294B4-6368-42EF-8EED-F7FA9675AB68}.Debug|Any CPU.ActiveCfg = Debug|Any CPU
		{F63294B4-6368-42EF-8EED-F7FA9675AB68}.Debug|Any CPU.Build.0 = Debug|Any CPU
		{F63294B4-6368-42EF-8EED-F7FA9675AB68}.Debug|x64.ActiveCfg = Debug|Any CPU
		{F63294B4-6368-42EF-8EED-F7FA9675AB68}.Debug|x64.Build.0 = Debug|Any CPU
		{F63294B4-6368-42EF-8EED-F7FA9675AB68}.Debug|x86.ActiveCfg = Debug|Any CPU
		{F63294B4-6368-42EF-8EED-F7FA9675AB68}.Debug|x86.Build.0 = Debug|Any CPU
		{F63294B4-6368-42EF-8EED-F7FA9675AB68}.Release|Any CPU.ActiveCfg = Release|Any CPU
		{F63294B4-6368-42EF-8EED-F7FA9675AB68}.Release|Any CPU.Build.0 = Release|Any CPU
		{F63294B4-6368-42EF-8EED-F7FA9675AB68}.Release|x64.ActiveCfg = Release|Any CPU
		{F63294B4-6368-42EF-8EED-F7FA9675AB68}.Release|x64.Build.0 = Release|Any CPU
		{F63294B4-6368-42EF-8EED-F7FA9675AB68}.Release|x86.ActiveCfg = Release|Any CPU
		{F63294B4-6368-42EF-8EED-F7FA9675AB68}.Release|x86.Build.0 = Release|Any CPU
		{75989CBD-7C42-468A-BC60-CABB9F3F953C}.Debug|Any CPU.ActiveCfg = Debug|Any CPU
		{75989CBD-7C42-468A-BC60-CABB9F3F953C}.Debug|Any CPU.Build.0 = Debug|Any CPU
		{75989CBD-7C42-468A-BC60-CABB9F3F953C}.Debug|x64.ActiveCfg = Debug|Any CPU
		{75989CBD-7C42-468A-BC60-CABB9F3F953C}.Debug|x64.Build.0 = Debug|Any CPU
		{75989CBD-7C42-468A-BC60-CABB9F3F953C}.Debug|x86.ActiveCfg = Debug|Any CPU
		{75989CBD-7C42-468A-BC60-CABB9F3F953C}.Debug|x86.Build.0 = Debug|Any CPU
		{75989CBD-7C42-468A-BC60-CABB9F3F953C}.Release|Any CPU.ActiveCfg = Release|Any CPU
		{75989CBD-7C42-468A-BC60-CABB9F3F953C}.Release|Any CPU.Build.0 = Release|Any CPU
		{75989CBD-7C42-468A-BC60-CABB9F3F953C}.Release|x64.ActiveCfg = Release|Any CPU
		{75989CBD-7C42-468A-BC60-CABB9F3F953C}.Release|x64.Build.0 = Release|Any CPU
		{75989CBD-7C42-468A-BC60-CABB9F3F953C}.Release|x86.ActiveCfg = Release|Any CPU
		{75989CBD-7C42-468A-BC60-CABB9F3F953C}.Release|x86.Build.0 = Release|Any CPU
		{0BE5E84A-51B3-451D-A5D5-CAFACA6EA6B1}.Debug|Any CPU.ActiveCfg = Debug|Any CPU
		{0BE5E84A-51B3-451D-A5D5-CAFACA6EA6B1}.Debug|Any CPU.Build.0 = Debug|Any CPU
		{0BE5E84A-51B3-451D-A5D5-CAFACA6EA6B1}.Debug|x64.ActiveCfg = Debug|Any CPU
		{0BE5E84A-51B3-451D-A5D5-CAFACA6EA6B1}.Debug|x64.Build.0 = Debug|Any CPU
		{0BE5E84A-51B3-451D-A5D5-CAFACA6EA6B1}.Debug|x86.ActiveCfg = Debug|Any CPU
		{0BE5E84A-51B3-451D-A5D5-CAFACA6EA6B1}.Debug|x86.Build.0 = Debug|Any CPU
		{0BE5E84A-51B3-451D-A5D5-CAFACA6EA6B1}.Release|Any CPU.ActiveCfg = Release|Any CPU
		{0BE5E84A-51B3-451D-A5D5-CAFACA6EA6B1}.Release|Any CPU.Build.0 = Release|Any CPU
		{0BE5E84A-51B3-451D-A5D5-CAFACA6EA6B1}.Release|x64.ActiveCfg = Release|Any CPU
		{0BE5E84A-51B3-451D-A5D5-CAFACA6EA6B1}.Release|x64.Build.0 = Release|Any CPU
		{0BE5E84A-51B3-451D-A5D5-CAFACA6EA6B1}.Release|x86.ActiveCfg = Release|Any CPU
		{0BE5E84A-51B3-451D-A5D5-CAFACA6EA6B1}.Release|x86.Build.0 = Release|Any CPU
		{E13061EF-253A-4FC0-BD28-63953364002D}.Debug|Any CPU.ActiveCfg = Debug|Any CPU
		{E13061EF-253A-4FC0-BD28-63953364002D}.Debug|Any CPU.Build.0 = Debug|Any CPU
		{E13061EF-253A-4FC0-BD28-63953364002D}.Debug|x64.ActiveCfg = Debug|Any CPU
		{E13061EF-253A-4FC0-BD28-63953364002D}.Debug|x64.Build.0 = Debug|Any CPU
		{E13061EF-253A-4FC0-BD28-63953364002D}.Debug|x86.ActiveCfg = Debug|Any CPU
		{E13061EF-253A-4FC0-BD28-63953364002D}.Debug|x86.Build.0 = Debug|Any CPU
		{E13061EF-253A-4FC0-BD28-63953364002D}.Release|Any CPU.ActiveCfg = Release|Any CPU
		{E13061EF-253A-4FC0-BD28-63953364002D}.Release|Any CPU.Build.0 = Release|Any CPU
		{E13061EF-253A-4FC0-BD28-63953364002D}.Release|x64.ActiveCfg = Release|Any CPU
		{E13061EF-253A-4FC0-BD28-63953364002D}.Release|x64.Build.0 = Release|Any CPU
		{E13061EF-253A-4FC0-BD28-63953364002D}.Release|x86.ActiveCfg = Release|Any CPU
		{E13061EF-253A-4FC0-BD28-63953364002D}.Release|x86.Build.0 = Release|Any CPU
	EndGlobalSection
	GlobalSection(SolutionProperties) = preSolution
		HideSolutionNode = FALSE
	EndGlobalSection
	GlobalSection(NestedProjects) = preSolution
		{A68BCFB6-B88D-4352-653D-5429B95F8475} = {CA253913-39DE-BFD0-C9A3-4B7EC6FBDF17}
		{9DB96D0C-B2E1-4170-9B28-0D95C590BE78} = {A68BCFB6-B88D-4352-653D-5429B95F8475}
		{3F9251EE-917E-49B9-91D7-AF46671C9C81} = {A68BCFB6-B88D-4352-653D-5429B95F8475}
		{F0EBC389-B0F5-41C7-BEA3-DFE5D375C375} = {A68BCFB6-B88D-4352-653D-5429B95F8475}
		{A9997C78-0C31-9C1F-7E81-ED673DE04F19} = {CA253913-39DE-BFD0-C9A3-4B7EC6FBDF17}
		{7D745B31-7A5B-43FA-AE02-866795B54926} = {A9997C78-0C31-9C1F-7E81-ED673DE04F19}
		{4DF53E3C-BD4A-F402-45DF-4934798892F1} = {A9997C78-0C31-9C1F-7E81-ED673DE04F19}
		{E647771D-F51A-8065-6C3B-CE73F444B62E} = {A9997C78-0C31-9C1F-7E81-ED673DE04F19}
		{02EA681E-C7D8-13C7-8484-4AC65E1B71E8} = {CA253913-39DE-BFD0-C9A3-4B7EC6FBDF17}
		{1B2AE279-A9B4-4DC8-80EB-A28070AE2429} = {02EA681E-C7D8-13C7-8484-4AC65E1B71E8}
		{B6902305-EF63-4ECE-874F-E081FB02F6D2} = {02EA681E-C7D8-13C7-8484-4AC65E1B71E8}
		{B69C036E-E1A2-3F7D-F5C4-86AD8B7BFF87} = {02EA681E-C7D8-13C7-8484-4AC65E1B71E8}
		{F63294B4-6368-42EF-8EED-F7FA9675AB68} = {02EA681E-C7D8-13C7-8484-4AC65E1B71E8}
		{0BE5E84A-51B3-451D-A5D5-CAFACA6EA6B1} = {90C0C292-E6D2-4941-A93C-64DFE6B40779}
		{D7FE4013-291F-46B6-8820-123FB5EFB6FF} = {CA253913-39DE-BFD0-C9A3-4B7EC6FBDF17}
		{E13061EF-253A-4FC0-BD28-63953364002D} = {D7FE4013-291F-46B6-8820-123FB5EFB6FF}
	EndGlobalSection
	GlobalSection(ExtensibilityGlobals) = postSolution
		SolutionGuid = {69C18CFA-83FE-4F8B-AAEE-35F44F92B6A4}
	EndGlobalSection
EndGlobal
